github.com/xhoms/panoslib v0.0.3-0.20210409070720-0ab06ca3ce5c h1:yQiUxh5ntTWbpR6f7kHcyD1WW48knZ08GgI286/LvqQ=
github.com/xhoms/panoslib v0.0.3-0.20210409070720-0ab06ca3ce5c/go.mod h1:4CQqtZ50h892uL/3XTSZ6HMFycz1JRaKPERl1hIB/GE=
github.com/xhoms/panoslib v0.0.3-0.20210410092139-6e26d3fcb54f h1:MfrZVokJDQRKkPbcBzDTj5mFRLBNpjsU5fj5lXExNjw=
github.com/xhoms/panoslib v0.0.3-0.20210410092139-6e26d3fcb54f/go.mod h1:4CQqtZ50h892uL/3XTSZ6HMFycz1JRaKPERl1hIB/GE=
